<?xml version="1.0" encoding="utf-8"?>
<Project ToolsVersion="4.0" xmlns="http://schemas.microsoft.com/developer/msbuild/2003">
  <ItemGroup>
    <Filter Include="源文件">
      <UniqueIdentifier>{4FC737F1-C7A5-4376-A066-2A32D752A2FF}</UniqueIdentifier>
      <Extensions>cpp;c;cc;cxx;def;odl;idl;hpj;bat;asm;asmx</Extensions>
    </Filter>
    <Filter Include="头文件">
      <UniqueIdentifier>{93995380-89BD-4b04-88EB-625FBE52EBFB}</UniqueIdentifier>
      <Extensions>h;hh;hpp;hxx;hm;inl;inc;xsd</Extensions>
    </Filter>
    <Filter Include="资源文件">
      <UniqueIdentifier>{67DA6AB6-F800-4c08-8B7A-83BB121AAD01}</UniqueIdentifier>
      <Extensions>rc;ico;cur;bmp;dlg;rc2;rct;bin;rgs;gif;jpg;jpeg;jpe;resx;tiff;tif;png;wav;mfcribbon-ms</Extensions>
    </Filter>
    <Filter Include="源文件\src">
      <UniqueIdentifier>{f72acba7-a446-4df5-82eb-3ae81d1a1693}</UniqueIdentifier>
    </Filter>
  </ItemGroup>
  <ItemGroup>
    <Text Include="ReadMe.txt" />
  </ItemGroup>
  <ItemGroup>
    <ClCompile Include="..\..\getopt.c">
      <Filter>源文件\src</Filter>
    </ClCompile>
    <ClCompile Include="..\..\inet_XtoX.c">
      <Filter>源文件\src</Filter>
    </ClCompile>
    <ClCompile Include="..\..\rblcheck.c">
      <Filter>源文件\src</Filter>
    </ClCompile>
    <ClCompile Include="..\..\udns_bl.c">
      <Filter>源文件\src</Filter>
    </ClCompile>
    <ClCompile Include="..\..\udns_codes.c">
      <Filter>源文件\src</Filter>
    </ClCompile>
    <ClCompile Include="..\..\udns_dn.c">
      <Filter>源文件\src</Filter>
    </ClCompile>
    <ClCompile Include="..\..\udns_dntosp.c">
      <Filter>源文件\src</Filter>
    </ClCompile>
    <ClCompile Include="..\..\udns_init.c">
      <Filter>源文件\src</Filter>
    </ClCompile>
    <ClCompile Include="..\..\udns_jran.c">
      <Filter>源文件\src</Filter>
    </ClCompile>
    <ClCompile Include="..\..\udns_misc.c">
      <Filter>源文件\src</Filter>
    </ClCompile>
    <ClCompile Include="..\..\udns_parse.c">
      <Filter>源文件\src</Filter>
    </ClCompile>
    <ClCompile Include="..\..\udns_resolver.c">
      <Filter>源文件\src</Filter>
    </ClCompile>
    <ClCompile Include="..\..\udns_rr_a.c">
      <Filter>源文件\src</Filter>
    </ClCompile>
    <ClCompile Include="..\..\udns_rr_mx.c">
      <Filter>源文件\src</Filter>
    </ClCompile>
    <ClCompile Include="..\..\udns_rr_naptr.c">
      <Filter>源文件\src</Filter>
    </ClCompile>
    <ClCompile Include="..\..\udns_rr_ptr.c">
      <Filter>源文件\src</Filter>
    </ClCompile>
    <ClCompile Include="..\..\udns_rr_srv.c">
      <Filter>源文件\src</Filter>
    </ClCompile>
    <ClCompile Include="..\..\udns_rr_txt.c">
      <Filter>源文件\src</Filter>
    </ClCompile>
    <ClCompile Include="..\..\udns_XtoX.c">
      <Filter>源文件\src</Filter>
    </ClCompile>
  </ItemGroup>
  <ItemGroup>
    <ClInclude Include="..\..\udns.h">
      <Filter>头文件</Filter>
    </ClInclude>
    <ClInclude Include="..\..\config.h">
      <Filter>头文件</Filter>
    </ClInclude>
  </ItemGroup>
</Project>